
Microsoft Visual Studio Solution File, Format Version 12.00
# Visual Studio Version 17
VisualStudioVersion = 17.0.32014.148
MinimumVisualStudioVersion = 10.0.40219.1
Project("{9A19103F-16F7-4668-BE54-9A1E7A4F7556}") = "VirtualDesktopTimecodeServer", "VirtualDesktopTimecodeServer.csproj", "{C2C8229F-79A3-4D4B-9435-1FCEE4E0DA0F}"
EndProject
Global
	GlobalSection(SolutionConfigurationPlatforms) = preSolution
		Debug|Any CPU = Debug|Any CPU
		Release|Any CPU = Release|Any CPU
	EndGlobalSection
	GlobalSection(ProjectConfigurationPlatforms) = postSolution
		{C2C8229F-79A3-4D4B-9435-1FCEE4E0DA0F}.Debug|Any CPU.ActiveCfg = Debug|Any CPU
		{C2C8229F-79A3-4D4B-9435-1FCEE4E0DA0F}.Debug|Any CPU.Build.0 = Debug|Any CPU
		{C2C8229F-79A3-4D4B-9435-1FCEE4E0DA0F}.Release|Any CPU.ActiveCfg = Release|Any CPU
		{C2C8229F-79A3-4D4B-9435-1FCEE4E0DA0F}.Release|Any CPU.Build.0 = Release|Any CPU
	EndGlobalSection
	GlobalSection(SolutionProperties) = preSolution
		HideSolutionNode = FALSE
	EndGlobalSection
	GlobalSection(ExtensibilityGlobals) = postSolution
		SolutionGuid = {2539A3DA-D0BE-44DC-A39D-A736273B83BF}
	EndGlobalSection
EndGlobal
